
Microsoft Visual Studio Solution File, Format Version 12.00
Project("{FAE04EC0-301F-11D3-BF4B-00C04F79EFBC}") = "RenderLoopTaskDemo", "RenderLoopTaskDemo\RenderLoopTaskDemo.csproj", "{EC00C889-CDBF-4BB3-AE16-901E9C41598E}"
EndProject
Global
	GlobalSection(SolutionConfigurationPlatforms) = preSolution
		Debug|Any CPU = Debug|Any CPU
		Release|Any CPU = Release|Any CPU
	EndGlobalSection
	GlobalSection(ProjectConfigurationPlatforms) = postSolution
		{EC00C889-CDBF-4BB3-AE16-901E9C41598E}.Debug|Any CPU.ActiveCfg = Debug|Any CPU
		{EC00C889-CDBF-4BB3-AE16-901E9C41598E}.Debug|Any CPU.Build.0 = Debug|Any CPU
		{EC00C889-CDBF-4BB3-AE16-901E9C41598E}.Release|Any CPU.ActiveCfg = Release|Any CPU
		{EC00C889-CDBF-4BB3-AE16-901E9C41598E}.Release|Any CPU.Build.0 = Release|Any CPU
	EndGlobalSection
EndGlobal
